
Microsoft Visual Studio Solution File, Format Version 12.00
# Visual Studio Version 17
VisualStudioVersion = 17.3.32819.101
MinimumVisualStudioVersion = 10.0.40219.1
Project("{FAE04EC0-301F-11D3-BF4B-00C04F79EFBC}") = "RandomPasswordGenerator", "RandomPasswordGenerator\RandomPasswordGenerator.csproj", "{2EA0B79D-C33D-4BB6-8969-2DF0249318C6}"
EndProject
Global
	GlobalSection(SolutionConfigurationPlatforms) = preSolution
		Debug|Any CPU = Debug|Any CPU
		Release|Any CPU = Release|Any CPU
	EndGlobalSection
	GlobalSection(ProjectConfigurationPlatforms) = postSolution
		{2EA0B79D-C33D-4BB6-8969-2DF0249318C6}.Debug|Any CPU.ActiveCfg = Debug|Any CPU
		{2EA0B79D-C33D-4BB6-8969-2DF0249318C6}.Debug|Any CPU.Build.0 = Debug|Any CPU
		{2EA0B79D-C33D-4BB6-8969-2DF0249318C6}.Release|Any CPU.ActiveCfg = Release|Any CPU
		{2EA0B79D-C33D-4BB6-8969-2DF0249318C6}.Release|Any CPU.Build.0 = Release|Any CPU
	EndGlobalSection
	GlobalSection(SolutionProperties) = preSolution
		HideSolutionNode = FALSE
	EndGlobalSection
	GlobalSection(ExtensibilityGlobals) = postSolution
		SolutionGuid = {C784B551-0546-44F0-82C7-19AC6781D339}
	EndGlobalSection
EndGlobal
